
Microsoft Visual Studio Solution File, Format Version 12.00
# Visual Studio Version 16
VisualStudioVersion = 16.0.29728.190
MinimumVisualStudioVersion = 10.0.40219.1
Project("{FAE04EC0-301F-11D3-BF4B-00C04F79EFBC}") = "AutoMin", "AutoMin\AutoMin.csproj", "{A1CB0D37-9ABA-47FC-A714-4A226B5F58FB}"
EndProject
Global
	GlobalSection(SolutionConfigurationPlatforms) = preSolution
		Debug|Any CPU = Debug|Any CPU
		Release|Any CPU = Release|Any CPU
	EndGlobalSection
	GlobalSection(ProjectConfigurationPlatforms) = postSolution
		{A1CB0D37-9ABA-47FC-A714-4A226B5F58FB}.Debug|Any CPU.ActiveCfg = Debug|Any CPU
		{A1CB0D37-9ABA-47FC-A714-4A226B5F58FB}.Debug|Any CPU.Build.0 = Debug|Any CPU
		{A1CB0D37-9ABA-47FC-A714-4A226B5F58FB}.Release|Any CPU.ActiveCfg = Release|Any CPU
		{A1CB0D37-9ABA-47FC-A714-4A226B5F58FB}.Release|Any CPU.Build.0 = Release|Any CPU
	EndGlobalSection
	GlobalSection(SolutionProperties) = preSolution
		HideSolutionNode = FALSE
	EndGlobalSection
	GlobalSection(ExtensibilityGlobals) = postSolution
		SolutionGuid = {E1F49B59-A7E0-4701-A765-35ACE41B7C0F}
	EndGlobalSection
EndGlobal
